
Microsoft Visual Studio Solution File, Format Version 11.00
# Visual Studio 2010
Project("{FAE04EC0-301F-11D3-BF4B-00C04F79EFBC}") = "Assembly-CSharp", "Assembly-CSharp.csproj", "{c43f08d8-699d-e0b9-cf71-17feceed3802}"
EndProject
Project("{FAE04EC0-301F-11D3-BF4B-00C04F79EFBC}") = "Assembly-CSharp-Editor", "Assembly-CSharp-Editor.csproj", "{eaaa55de-7ee4-53b1-272c-a5a8d0aaefb5}"
EndProject
Global
	GlobalSection(SolutionConfigurationPlatforms) = preSolution
		Debug|Any CPU = Debug|Any CPU
	EndGlobalSection
	GlobalSection(ProjectConfigurationPlatforms) = postSolution
		{c43f08d8-699d-e0b9-cf71-17feceed3802}.Debug|Any CPU.ActiveCfg = Debug|Any CPU
		{c43f08d8-699d-e0b9-cf71-17feceed3802}.Debug|Any CPU.Build.0 = Debug|Any CPU
		{eaaa55de-7ee4-53b1-272c-a5a8d0aaefb5}.Debug|Any CPU.ActiveCfg = Debug|Any CPU
		{eaaa55de-7ee4-53b1-272c-a5a8d0aaefb5}.Debug|Any CPU.Build.0 = Debug|Any CPU
	EndGlobalSection
	GlobalSection(SolutionProperties) = preSolution
		HideSolutionNode = FALSE
	EndGlobalSection
EndGlobal
